
Microsoft Visual Studio Solution File, Format Version 12.00
# Visual Studio Version 17
VisualStudioVersion = 17.5.33516.290
MinimumVisualStudioVersion = 10.0.40219.1
Project("{FAE04EC0-301F-11D3-BF4B-00C04F79EFBC}") = "LayeredArchitectureservice", "LayeredArchitectureservice\LayeredArchitectureservice.csproj", "{91D2FAE7-2B56-4868-B711-D19551709CEA}"
EndProject
Project("{FAE04EC0-301F-11D3-BF4B-00C04F79EFBC}") = "Application", "Application\Application.csproj", "{7D803EC7-2FDB-4191-A124-C1C8AE0224A1}"
EndProject
Project("{FAE04EC0-301F-11D3-BF4B-00C04F79EFBC}") = "DataAccess", "DataAccess\DataAccess.csproj", "{F431D4DA-6175-4E2E-940B-ADF6A80079DE}"
EndProject
Global
	GlobalSection(SolutionConfigurationPlatforms) = preSolution
		Debug|Any CPU = Debug|Any CPU
		Release|Any CPU = Release|Any CPU
	EndGlobalSection
	GlobalSection(ProjectConfigurationPlatforms) = postSolution
		{91D2FAE7-2B56-4868-B711-D19551709CEA}.Debug|Any CPU.ActiveCfg = Debug|Any CPU
		{91D2FAE7-2B56-4868-B711-D19551709CEA}.Debug|Any CPU.Build.0 = Debug|Any CPU
		{91D2FAE7-2B56-4868-B711-D19551709CEA}.Release|Any CPU.ActiveCfg = Release|Any CPU
		{91D2FAE7-2B56-4868-B711-D19551709CEA}.Release|Any CPU.Build.0 = Release|Any CPU
		{7D803EC7-2FDB-4191-A124-C1C8AE0224A1}.Debug|Any CPU.ActiveCfg = Debug|Any CPU
		{7D803EC7-2FDB-4191-A124-C1C8AE0224A1}.Debug|Any CPU.Build.0 = Debug|Any CPU
		{7D803EC7-2FDB-4191-A124-C1C8AE0224A1}.Release|Any CPU.ActiveCfg = Release|Any CPU
		{7D803EC7-2FDB-4191-A124-C1C8AE0224A1}.Release|Any CPU.Build.0 = Release|Any CPU
		{F431D4DA-6175-4E2E-940B-ADF6A80079DE}.Debug|Any CPU.ActiveCfg = Debug|Any CPU
		{F431D4DA-6175-4E2E-940B-ADF6A80079DE}.Debug|Any CPU.Build.0 = Debug|Any CPU
		{F431D4DA-6175-4E2E-940B-ADF6A80079DE}.Release|Any CPU.ActiveCfg = Release|Any CPU
		{F431D4DA-6175-4E2E-940B-ADF6A80079DE}.Release|Any CPU.Build.0 = Release|Any CPU
	EndGlobalSection
	GlobalSection(SolutionProperties) = preSolution
		HideSolutionNode = FALSE
	EndGlobalSection
	GlobalSection(ExtensibilityGlobals) = postSolution
		SolutionGuid = {DB50E0B6-2FE1-49B6-AA91-626C4E3D7C83}
	EndGlobalSection
EndGlobal
